
Microsoft Visual Studio Solution File, Format Version 12.00
Project("{FAE04EC0-301F-11D3-BF4B-00C04F79EFBC}") = "Hanamura", "Hanamura\Hanamura.csproj", "{4C1797C8-196A-47C6-9834-7291FDA0C820}"
EndProject
Project("{FAE04EC0-301F-11D3-BF4B-00C04F79EFBC}") = "MoonWorks", "MoonWorks\MoonWorks.csproj", "{0F6068E8-F135-4E08-8C7F-3FF5357A35FE}"
EndProject
Project("{FAE04EC0-301F-11D3-BF4B-00C04F79EFBC}") = "MoonTools.ECS", "MoonTools.ECS\MoonTools.ECS.csproj", "{672EA81C-09AC-48BB-B12F-7D76CB617EDD}"
EndProject
Global
	GlobalSection(SolutionConfigurationPlatforms) = preSolution
		Debug|Any CPU = Debug|Any CPU
		Release|Any CPU = Release|Any CPU
	EndGlobalSection
	GlobalSection(ProjectConfigurationPlatforms) = postSolution
		{4C1797C8-196A-47C6-9834-7291FDA0C820}.Debug|Any CPU.ActiveCfg = Debug|Any CPU
		{4C1797C8-196A-47C6-9834-7291FDA0C820}.Debug|Any CPU.Build.0 = Debug|Any CPU
		{4C1797C8-196A-47C6-9834-7291FDA0C820}.Release|Any CPU.ActiveCfg = Release|Any CPU
		{4C1797C8-196A-47C6-9834-7291FDA0C820}.Release|Any CPU.Build.0 = Release|Any CPU
		{0F6068E8-F135-4E08-8C7F-3FF5357A35FE}.Debug|Any CPU.ActiveCfg = Debug|Any CPU
		{0F6068E8-F135-4E08-8C7F-3FF5357A35FE}.Debug|Any CPU.Build.0 = Debug|Any CPU
		{0F6068E8-F135-4E08-8C7F-3FF5357A35FE}.Release|Any CPU.ActiveCfg = Release|Any CPU
		{0F6068E8-F135-4E08-8C7F-3FF5357A35FE}.Release|Any CPU.Build.0 = Release|Any CPU
		{672EA81C-09AC-48BB-B12F-7D76CB617EDD}.Debug|Any CPU.ActiveCfg = Debug|Any CPU
		{672EA81C-09AC-48BB-B12F-7D76CB617EDD}.Debug|Any CPU.Build.0 = Debug|Any CPU
		{672EA81C-09AC-48BB-B12F-7D76CB617EDD}.Release|Any CPU.ActiveCfg = Release|Any CPU
		{672EA81C-09AC-48BB-B12F-7D76CB617EDD}.Release|Any CPU.Build.0 = Release|Any CPU
	EndGlobalSection
EndGlobal
